
Microsoft Visual Studio Solution File, Format Version 12.00
# Visual Studio Version 17
VisualStudioVersion = 17.14.36025.13 d17.14
MinimumVisualStudioVersion = 10.0.40219.1
Project("{FAE04EC0-301F-11D3-BF4B-00C04F79EFBC}") = "ChoreoCreator.API", "ChoreoCreator.API\ChoreoCreator.API.csproj", "{166F299C-88DD-4DF6-ACF6-73AC6AF4DC65}"
EndProject
Project("{FAE04EC0-301F-11D3-BF4B-00C04F79EFBC}") = "ChoreoCreator.Application", "ChoreoCreator.Application\ChoreoCreator.Application.csproj", "{C656ECA5-1137-4658-8F7D-8E30CC432E2F}"
EndProject
Project("{FAE04EC0-301F-11D3-BF4B-00C04F79EFBC}") = "ChoreoCreator.DataAccess", "ChoreoCreator.DataAccess\ChoreoCreator.DataAccess.csproj", "{EFD7BA29-694B-4174-89C9-4621C07A456A}"
EndProject
Project("{FAE04EC0-301F-11D3-BF4B-00C04F79EFBC}") = "ChoreoCreator.Core", "ChoreoCreator.Core\ChoreoCreator.Core.csproj", "{2299AAF1-A2DF-4A7A-851E-1D1B0A6D951D}"
EndProject
Global
	GlobalSection(SolutionConfigurationPlatforms) = preSolution
		Debug|Any CPU = Debug|Any CPU
		Release|Any CPU = Release|Any CPU
	EndGlobalSection
	GlobalSection(ProjectConfigurationPlatforms) = postSolution
		{166F299C-88DD-4DF6-ACF6-73AC6AF4DC65}.Debug|Any CPU.ActiveCfg = Debug|Any CPU
		{166F299C-88DD-4DF6-ACF6-73AC6AF4DC65}.Debug|Any CPU.Build.0 = Debug|Any CPU
		{166F299C-88DD-4DF6-ACF6-73AC6AF4DC65}.Release|Any CPU.ActiveCfg = Release|Any CPU
		{166F299C-88DD-4DF6-ACF6-73AC6AF4DC65}.Release|Any CPU.Build.0 = Release|Any CPU
		{C656ECA5-1137-4658-8F7D-8E30CC432E2F}.Debug|Any CPU.ActiveCfg = Debug|Any CPU
		{C656ECA5-1137-4658-8F7D-8E30CC432E2F}.Debug|Any CPU.Build.0 = Debug|Any CPU
		{C656ECA5-1137-4658-8F7D-8E30CC432E2F}.Release|Any CPU.ActiveCfg = Release|Any CPU
		{C656ECA5-1137-4658-8F7D-8E30CC432E2F}.Release|Any CPU.Build.0 = Release|Any CPU
		{EFD7BA29-694B-4174-89C9-4621C07A456A}.Debug|Any CPU.ActiveCfg = Debug|Any CPU
		{EFD7BA29-694B-4174-89C9-4621C07A456A}.Debug|Any CPU.Build.0 = Debug|Any CPU
		{EFD7BA29-694B-4174-89C9-4621C07A456A}.Release|Any CPU.ActiveCfg = Release|Any CPU
		{EFD7BA29-694B-4174-89C9-4621C07A456A}.Release|Any CPU.Build.0 = Release|Any CPU
		{2299AAF1-A2DF-4A7A-851E-1D1B0A6D951D}.Debug|Any CPU.ActiveCfg = Debug|Any CPU
		{2299AAF1-A2DF-4A7A-851E-1D1B0A6D951D}.Debug|Any CPU.Build.0 = Debug|Any CPU
		{2299AAF1-A2DF-4A7A-851E-1D1B0A6D951D}.Release|Any CPU.ActiveCfg = Release|Any CPU
		{2299AAF1-A2DF-4A7A-851E-1D1B0A6D951D}.Release|Any CPU.Build.0 = Release|Any CPU
	EndGlobalSection
	GlobalSection(SolutionProperties) = preSolution
		HideSolutionNode = FALSE
	EndGlobalSection
	GlobalSection(ExtensibilityGlobals) = postSolution
		SolutionGuid = {5A7F4C3E-71DC-446B-8349-15E15FB7D7C1}
	EndGlobalSection
EndGlobal
